
Microsoft Visual Studio Solution File, Format Version 12.00
# Visual Studio Version 17
VisualStudioVersion = 17.4.33122.133
MinimumVisualStudioVersion = 10.0.40219.1
Project("{FAE04EC0-301F-11D3-BF4B-00C04F79EFBC}") = "ArrayMaker", "ArrayMaker\ArrayMaker.csproj", "{036461EB-BD9E-41D7-A1CE-5825BD4E64F6}"
EndProject
Global
	GlobalSection(SolutionConfigurationPlatforms) = preSolution
		Debug|Any CPU = Debug|Any CPU
		Release|Any CPU = Release|Any CPU
	EndGlobalSection
	GlobalSection(ProjectConfigurationPlatforms) = postSolution
		{036461EB-BD9E-41D7-A1CE-5825BD4E64F6}.Debug|Any CPU.ActiveCfg = Debug|Any CPU
		{036461EB-BD9E-41D7-A1CE-5825BD4E64F6}.Debug|Any CPU.Build.0 = Debug|Any CPU
		{036461EB-BD9E-41D7-A1CE-5825BD4E64F6}.Release|Any CPU.ActiveCfg = Release|Any CPU
		{036461EB-BD9E-41D7-A1CE-5825BD4E64F6}.Release|Any CPU.Build.0 = Release|Any CPU
	EndGlobalSection
	GlobalSection(SolutionProperties) = preSolution
		HideSolutionNode = FALSE
	EndGlobalSection
	GlobalSection(ExtensibilityGlobals) = postSolution
		SolutionGuid = {28D5E857-5C18-40F6-9D53-3CF8AF3030E5}
	EndGlobalSection
EndGlobal
